
Microsoft Visual Studio Solution File, Format Version 12.00
# Visual Studio Version 16
VisualStudioVersion = 16.0.29728.190
MinimumVisualStudioVersion = 10.0.40219.1
Project("{FAE04EC0-301F-11D3-BF4B-00C04F79EFBC}") = "SMSBackupToHtml", "SMSBackupToHtml\SMSBackupToHtml.csproj", "{C8BA1F65-A62A-4A12-97AF-DCD7F543F0E3}"
EndProject
Global
	GlobalSection(SolutionConfigurationPlatforms) = preSolution
		Debug|Any CPU = Debug|Any CPU
		Release|Any CPU = Release|Any CPU
	EndGlobalSection
	GlobalSection(ProjectConfigurationPlatforms) = postSolution
		{C8BA1F65-A62A-4A12-97AF-DCD7F543F0E3}.Debug|Any CPU.ActiveCfg = Debug|Any CPU
		{C8BA1F65-A62A-4A12-97AF-DCD7F543F0E3}.Debug|Any CPU.Build.0 = Debug|Any CPU
		{C8BA1F65-A62A-4A12-97AF-DCD7F543F0E3}.Release|Any CPU.ActiveCfg = Release|Any CPU
		{C8BA1F65-A62A-4A12-97AF-DCD7F543F0E3}.Release|Any CPU.Build.0 = Release|Any CPU
	EndGlobalSection
	GlobalSection(SolutionProperties) = preSolution
		HideSolutionNode = FALSE
	EndGlobalSection
	GlobalSection(ExtensibilityGlobals) = postSolution
		SolutionGuid = {C4DD25BF-AB98-493B-AB8C-48A922AD82BE}
	EndGlobalSection
EndGlobal
